
Microsoft Visual Studio Solution File, Format Version 12.00
# Visual Studio Version 17
VisualStudioVersion = 17.3.32901.215
MinimumVisualStudioVersion = 10.0.40219.1
Project("{9A19103F-16F7-4668-BE54-9A1E7A4F7556}") = "CoffeeShopHRM.App", "CoffeeShopHRM.App\CoffeeShopHRM.App.csproj", "{1B5563C6-28AC-4C79-86E0-85B41ACD1892}"
EndProject
Project("{9A19103F-16F7-4668-BE54-9A1E7A4F7556}") = "CoffeeShopHRM.Shared", "CoffeeShopHRM.Shared\CoffeeShopHRM.Shared.csproj", "{7A16A954-EB95-41BD-86FD-0684A403A6B4}"
EndProject
Project("{9A19103F-16F7-4668-BE54-9A1E7A4F7556}") = "CoffeeShopHRM.Api", "CoffeeShopHRM.Api\CoffeeShopHRM.Api.csproj", "{530D594D-4E7F-4415-8297-B1C343E7FF49}"
EndProject
Project("{FAE04EC0-301F-11D3-BF4B-00C04F79EFBC}") = "CoffeShopHRM.Testing", "CoffeShopHRM.Testing\CoffeShopHRM.Testing.csproj", "{312A8F4F-A8BB-4121-BA65-C1A8C8843961}"
EndProject
Global
	GlobalSection(SolutionConfigurationPlatforms) = preSolution
		Debug|Any CPU = Debug|Any CPU
		Release|Any CPU = Release|Any CPU
	EndGlobalSection
	GlobalSection(ProjectConfigurationPlatforms) = postSolution
		{1B5563C6-28AC-4C79-86E0-85B41ACD1892}.Debug|Any CPU.ActiveCfg = Debug|Any CPU
		{1B5563C6-28AC-4C79-86E0-85B41ACD1892}.Debug|Any CPU.Build.0 = Debug|Any CPU
		{1B5563C6-28AC-4C79-86E0-85B41ACD1892}.Release|Any CPU.ActiveCfg = Release|Any CPU
		{1B5563C6-28AC-4C79-86E0-85B41ACD1892}.Release|Any CPU.Build.0 = Release|Any CPU
		{7A16A954-EB95-41BD-86FD-0684A403A6B4}.Debug|Any CPU.ActiveCfg = Debug|Any CPU
		{7A16A954-EB95-41BD-86FD-0684A403A6B4}.Debug|Any CPU.Build.0 = Debug|Any CPU
		{7A16A954-EB95-41BD-86FD-0684A403A6B4}.Release|Any CPU.ActiveCfg = Release|Any CPU
		{7A16A954-EB95-41BD-86FD-0684A403A6B4}.Release|Any CPU.Build.0 = Release|Any CPU
		{530D594D-4E7F-4415-8297-B1C343E7FF49}.Debug|Any CPU.ActiveCfg = Debug|Any CPU
		{530D594D-4E7F-4415-8297-B1C343E7FF49}.Debug|Any CPU.Build.0 = Debug|Any CPU
		{530D594D-4E7F-4415-8297-B1C343E7FF49}.Release|Any CPU.ActiveCfg = Release|Any CPU
		{530D594D-4E7F-4415-8297-B1C343E7FF49}.Release|Any CPU.Build.0 = Release|Any CPU
		{312A8F4F-A8BB-4121-BA65-C1A8C8843961}.Debug|Any CPU.ActiveCfg = Debug|Any CPU
		{312A8F4F-A8BB-4121-BA65-C1A8C8843961}.Debug|Any CPU.Build.0 = Debug|Any CPU
		{312A8F4F-A8BB-4121-BA65-C1A8C8843961}.Release|Any CPU.ActiveCfg = Release|Any CPU
		{312A8F4F-A8BB-4121-BA65-C1A8C8843961}.Release|Any CPU.Build.0 = Release|Any CPU
	EndGlobalSection
	GlobalSection(SolutionProperties) = preSolution
		HideSolutionNode = FALSE
	EndGlobalSection
	GlobalSection(ExtensibilityGlobals) = postSolution
		SolutionGuid = {F63003D1-C756-42AC-9885-DAF2300DE263}
	EndGlobalSection
EndGlobal
